
Microsoft Visual Studio Solution File, Format Version 11.00
# Visual Studio 2010
Project("{8BC9CEB8-8B4A-11D0-8D11-00A0C91BC942}") = "DisplayTool", "DisplayTool.vcxproj", "{C3C53DAA-A804-4C6D-B733-68E657DF4427}"
EndProject
Global
	GlobalSection(SolutionConfigurationPlatforms) = preSolution
		Debug|Win32 = Debug|Win32
		Release|Win32 = Release|Win32
	EndGlobalSection
	GlobalSection(ProjectConfigurationPlatforms) = postSolution
		{C3C53DAA-A804-4C6D-B733-68E657DF4427}.Debug|Win32.ActiveCfg = Debug|Win32
		{C3C53DAA-A804-4C6D-B733-68E657DF4427}.Debug|Win32.Build.0 = Debug|Win32
		{C3C53DAA-A804-4C6D-B733-68E657DF4427}.Release|Win32.ActiveCfg = Release|Win32
		{C3C53DAA-A804-4C6D-B733-68E657DF4427}.Release|Win32.Build.0 = Release|Win32
	EndGlobalSection
	GlobalSection(SolutionProperties) = preSolution
		HideSolutionNode = FALSE
	EndGlobalSection
EndGlobal
