<?xml version="1.0" encoding="utf-8"?>
<Project ToolsVersion="4.0" xmlns="http://schemas.microsoft.com/developer/msbuild/2003">
  <ItemGroup>
    <Filter Include="Source Files">
      <UniqueIdentifier>{4FC737F1-C7A5-4376-A066-2A32D752A2FF}</UniqueIdentifier>
      <Extensions>cpp;cxx;c;def</Extensions>
    </Filter>
    <Filter Include="Header Files">
      <UniqueIdentifier>{93995380-89BD-4b04-88EB-625FBE52EBFB}</UniqueIdentifier>
      <Extensions>h</Extensions>
    </Filter>
    <Filter Include="Form Files">
      <UniqueIdentifier>{99349809-55BA-4b9d-BF79-8FDBB0286EB3}</UniqueIdentifier>
      <Extensions>ui</Extensions>
    </Filter>
    <Filter Include="Resource Files">
      <UniqueIdentifier>{D9D6E242-F8AF-46E4-B9FD-80ECBC20BA3E}</UniqueIdentifier>
      <Extensions>qrc;*</Extensions>
      <ParseFiles>false</ParseFiles>
    </Filter>
    <Filter Include="Generated Files">
      <UniqueIdentifier>{71ED8ED8-ACB9-4CE9-BBE1-E00B30144E11}</UniqueIdentifier>
      <Extensions>moc;h;cpp</Extensions>
      <SourceControlFiles>False</SourceControlFiles>
    </Filter>
    <Filter Include="Generated Files\Debug">
      <UniqueIdentifier>{09cd01b1-0979-40c8-b87a-a344b5e52a26}</UniqueIdentifier>
      <Extensions>cpp;moc</Extensions>
      <SourceControlFiles>False</SourceControlFiles>
    </Filter>
    <Filter Include="Generated Files\Release">
      <UniqueIdentifier>{5ade81e7-e7fd-47f3-9b12-e80008412dab}</UniqueIdentifier>
      <Extensions>cpp;moc</Extensions>
      <SourceControlFiles>False</SourceControlFiles>
    </Filter>
    <Filter Include="player">
      <UniqueIdentifier>{9f39b169-c340-4560-af71-2f117eaf8d1b}</UniqueIdentifier>
    </Filter>
    <Filter Include="Data">
      <UniqueIdentifier>{6ea10244-bb4d-4a88-934e-8f07bf9e8e70}</UniqueIdentifier>
    </Filter>
    <Filter Include="1920_1080">
      <UniqueIdentifier>{d5ba2b83-7568-4aa7-b8be-6280d8fb2e35}</UniqueIdentifier>
    </Filter>
    <Filter Include="1080_800">
      <UniqueIdentifier>{d8366af5-60a2-4258-95bb-3bdfce39ecf7}</UniqueIdentifier>
    </Filter>
    <Filter Include="Form Files\1920_1080">
      <UniqueIdentifier>{90dd5357-c199-4d1e-bc56-59c8b7f7ee39}</UniqueIdentifier>
    </Filter>
    <Filter Include="Form Files\1280_800">
      <UniqueIdentifier>{c54f7868-5a0e-4308-bc5d-47854d84022b}</UniqueIdentifier>
    </Filter>
    <Filter Include="old">
      <UniqueIdentifier>{38c5e19e-84f3-4ec7-8e30-2ede8a6ad32b}</UniqueIdentifier>
    </Filter>
  </ItemGroup>
  <ItemGroup>
    <ClCompile Include="main.cpp">
      <Filter>Source Files</Filter>
    </ClCompile>
    <ClCompile Include="GeneratedFiles\Debug\moc_displaytool.cpp">
      <Filter>Generated Files\Debug</Filter>
    </ClCompile>
    <ClCompile Include="GeneratedFiles\Release\moc_displaytool.cpp">
      <Filter>Generated Files\Release</Filter>
    </ClCompile>
    <ClCompile Include="GeneratedFiles\qrc_displaytool.cpp">
      <Filter>Generated Files</Filter>
    </ClCompile>
    <ClCompile Include="GeneratedFiles\Debug\moc_QPlayer.cpp">
      <Filter>Generated Files\Debug</Filter>
    </ClCompile>
    <ClCompile Include="GeneratedFiles\Release\moc_QPlayer.cpp">
      <Filter>Generated Files\Release</Filter>
    </ClCompile>
    <ClCompile Include="GeneratedFiles\Debug\moc_QVedioSlider.cpp">
      <Filter>Generated Files\Debug</Filter>
    </ClCompile>
    <ClCompile Include="GeneratedFiles\Release\moc_QVedioSlider.cpp">
      <Filter>Generated Files\Release</Filter>
    </ClCompile>
    <ClCompile Include="GeneratedFiles\Debug\moc_QHeaderWgt.cpp">
      <Filter>Generated Files\Debug</Filter>
    </ClCompile>
    <ClCompile Include="GeneratedFiles\Release\moc_QHeaderWgt.cpp">
      <Filter>Generated Files\Release</Filter>
    </ClCompile>
    <ClCompile Include="GeneratedFiles\Debug\moc_qcontrolwidgt.cpp">
      <Filter>Generated Files\Debug</Filter>
    </ClCompile>
    <ClCompile Include="GeneratedFiles\Release\moc_qcontrolwidgt.cpp">
      <Filter>Generated Files\Release</Filter>
    </ClCompile>
    <ClCompile Include="GeneratedFiles\Debug\moc_qhomebtnitem.cpp">
      <Filter>Generated Files\Debug</Filter>
    </ClCompile>
    <ClCompile Include="GeneratedFiles\Release\moc_qhomebtnitem.cpp">
      <Filter>Generated Files\Release</Filter>
    </ClCompile>
    <ClCompile Include="QPlayer.cpp">
      <Filter>player</Filter>
    </ClCompile>
    <ClCompile Include="QVedioSlider.cpp">
      <Filter>player</Filter>
    </ClCompile>
    <ClCompile Include="qcontrolwidgt.cpp">
      <Filter>player</Filter>
    </ClCompile>
    <ClCompile Include="QHeaderWgt.cpp">
      <Filter>player</Filter>
    </ClCompile>
    <ClCompile Include="PlayData.cpp">
      <Filter>Data</Filter>
    </ClCompile>
    <ClCompile Include="QFixMainWindow.cpp">
      <Filter>Source Files</Filter>
    </ClCompile>
    <ClCompile Include="GeneratedFiles\Debug\moc_QFixMainWindow.cpp">
      <Filter>Generated Files\Debug</Filter>
    </ClCompile>
    <ClCompile Include="GeneratedFiles\Release\moc_QFixMainWindow.cpp">
      <Filter>Generated Files\Release</Filter>
    </ClCompile>
    <ClCompile Include="QHomeWgt.cpp">
      <Filter>Source Files</Filter>
    </ClCompile>
    <ClCompile Include="GeneratedFiles\Debug\moc_QHomeWgt.cpp">
      <Filter>Generated Files\Debug</Filter>
    </ClCompile>
    <ClCompile Include="GeneratedFiles\Release\moc_QHomeWgt.cpp">
      <Filter>Generated Files\Release</Filter>
    </ClCompile>
    <ClCompile Include="QBGBaseWgt.cpp">
      <Filter>Source Files</Filter>
    </ClCompile>
    <ClCompile Include="GeneratedFiles\Debug\moc_QBGBaseWgt.cpp">
      <Filter>Generated Files\Debug</Filter>
    </ClCompile>
    <ClCompile Include="GeneratedFiles\Release\moc_QBGBaseWgt.cpp">
      <Filter>Generated Files\Release</Filter>
    </ClCompile>
    <ClCompile Include="GeneratedFiles\Debug\moc_QBtnImgLabel.cpp">
      <Filter>Generated Files\Debug</Filter>
    </ClCompile>
    <ClCompile Include="GeneratedFiles\Release\moc_QBtnImgLabel.cpp">
      <Filter>Generated Files\Release</Filter>
    </ClCompile>
    <ClCompile Include="GeneratedFiles\Debug\moc_QCenterTextEdit.cpp">
      <Filter>Generated Files\Debug</Filter>
    </ClCompile>
    <ClCompile Include="GeneratedFiles\Release\moc_QCenterTextEdit.cpp">
      <Filter>Generated Files\Release</Filter>
    </ClCompile>
    <ClCompile Include="QFixSecondPage.cpp">
      <Filter>Source Files</Filter>
    </ClCompile>
    <ClCompile Include="GeneratedFiles\Debug\moc_QFixSecondPage.cpp">
      <Filter>Generated Files\Debug</Filter>
    </ClCompile>
    <ClCompile Include="GeneratedFiles\Release\moc_QFixSecondPage.cpp">
      <Filter>Generated Files\Release</Filter>
    </ClCompile>
    <ClCompile Include="GeneratedFiles\Debug\moc_QSecondBtnItem.cpp">
      <Filter>Generated Files\Debug</Filter>
    </ClCompile>
    <ClCompile Include="GeneratedFiles\Release\moc_QSecondBtnItem.cpp">
      <Filter>Generated Files\Release</Filter>
    </ClCompile>
    <ClCompile Include="QVideoBaseBtn.cpp">
      <Filter>Source Files</Filter>
    </ClCompile>
    <ClCompile Include="GeneratedFiles\Debug\moc_QVideoBaseBtn.cpp">
      <Filter>Generated Files\Debug</Filter>
    </ClCompile>
    <ClCompile Include="GeneratedFiles\Release\moc_QVideoBaseBtn.cpp">
      <Filter>Generated Files\Release</Filter>
    </ClCompile>
    <ClCompile Include="GeneratedFiles\Debug\moc_QHome1Btn_1080.cpp">
      <Filter>Generated Files\Debug</Filter>
    </ClCompile>
    <ClCompile Include="GeneratedFiles\Release\moc_QHome1Btn_1080.cpp">
      <Filter>Generated Files\Release</Filter>
    </ClCompile>
    <ClCompile Include="GeneratedFiles\Debug\moc_QHome2Btn_1080.cpp">
      <Filter>Generated Files\Debug</Filter>
    </ClCompile>
    <ClCompile Include="GeneratedFiles\Release\moc_QHome2Btn_1080.cpp">
      <Filter>Generated Files\Release</Filter>
    </ClCompile>
    <ClCompile Include="GeneratedFiles\Debug\moc_QHome3Btn_1080.cpp">
      <Filter>Generated Files\Debug</Filter>
    </ClCompile>
    <ClCompile Include="GeneratedFiles\Release\moc_QHome3Btn_1080.cpp">
      <Filter>Generated Files\Release</Filter>
    </ClCompile>
    <ClCompile Include="GeneratedFiles\Debug\moc_QHome4Btn_1080.cpp">
      <Filter>Generated Files\Debug</Filter>
    </ClCompile>
    <ClCompile Include="GeneratedFiles\Release\moc_QHome4Btn_1080.cpp">
      <Filter>Generated Files\Release</Filter>
    </ClCompile>
    <ClCompile Include="GeneratedFiles\Debug\moc_QHome5Btn_1080.cpp">
      <Filter>Generated Files\Debug</Filter>
    </ClCompile>
    <ClCompile Include="GeneratedFiles\Release\moc_QHome5Btn_1080.cpp">
      <Filter>Generated Files\Release</Filter>
    </ClCompile>
    <ClCompile Include="QHome1Btn_1080.cpp">
      <Filter>1080_800</Filter>
    </ClCompile>
    <ClCompile Include="QHome5Btn_1080.cpp">
      <Filter>1080_800</Filter>
    </ClCompile>
    <ClCompile Include="QHome2Btn_1080.cpp">
      <Filter>1080_800</Filter>
    </ClCompile>
    <ClCompile Include="QHome3Btn_1080.cpp">
      <Filter>1080_800</Filter>
    </ClCompile>
    <ClCompile Include="QHome4Btn_1080.cpp">
      <Filter>1080_800</Filter>
    </ClCompile>
    <ClCompile Include="GeneratedFiles\Debug\moc_QHomeTextBtn.cpp">
      <Filter>Generated Files\Debug</Filter>
    </ClCompile>
    <ClCompile Include="GeneratedFiles\Release\moc_QHomeTextBtn.cpp">
      <Filter>Generated Files\Release</Filter>
    </ClCompile>
    <ClCompile Include="GeneratedFiles\Debug\moc_QSecondBtn1_1080.cpp">
      <Filter>Generated Files\Debug</Filter>
    </ClCompile>
    <ClCompile Include="GeneratedFiles\Release\moc_QSecondBtn1_1080.cpp">
      <Filter>Generated Files\Release</Filter>
    </ClCompile>
    <ClCompile Include="GeneratedFiles\Debug\moc_QSecondBtn2_1080.cpp">
      <Filter>Generated Files\Debug</Filter>
    </ClCompile>
    <ClCompile Include="GeneratedFiles\Release\moc_QSecondBtn2_1080.cpp">
      <Filter>Generated Files\Release</Filter>
    </ClCompile>
    <ClCompile Include="GeneratedFiles\Debug\moc_QSecondBtn3_1080.cpp">
      <Filter>Generated Files\Debug</Filter>
    </ClCompile>
    <ClCompile Include="GeneratedFiles\Release\moc_QSecondBtn3_1080.cpp">
      <Filter>Generated Files\Release</Filter>
    </ClCompile>
    <ClCompile Include="GeneratedFiles\Debug\moc_QSecondBtn4_1080.cpp">
      <Filter>Generated Files\Debug</Filter>
    </ClCompile>
    <ClCompile Include="GeneratedFiles\Release\moc_QSecondBtn4_1080.cpp">
      <Filter>Generated Files\Release</Filter>
    </ClCompile>
    <ClCompile Include="GeneratedFiles\Debug\moc_QSecondBtn5_1080.cpp">
      <Filter>Generated Files\Debug</Filter>
    </ClCompile>
    <ClCompile Include="GeneratedFiles\Release\moc_QSecondBtn5_1080.cpp">
      <Filter>Generated Files\Release</Filter>
    </ClCompile>
    <ClCompile Include="GeneratedFiles\Debug\moc_QSecondBtn6_1080.cpp">
      <Filter>Generated Files\Debug</Filter>
    </ClCompile>
    <ClCompile Include="GeneratedFiles\Release\moc_QSecondBtn6_1080.cpp">
      <Filter>Generated Files\Release</Filter>
    </ClCompile>
    <ClCompile Include="GeneratedFiles\Debug\moc_qsecondbtn7_1080.cpp">
      <Filter>Generated Files\Debug</Filter>
    </ClCompile>
    <ClCompile Include="GeneratedFiles\Release\moc_qsecondbtn7_1080.cpp">
      <Filter>Generated Files\Release</Filter>
    </ClCompile>
    <ClCompile Include="GeneratedFiles\Debug\moc_QSecondBtn8_1080.cpp">
      <Filter>Generated Files\Debug</Filter>
    </ClCompile>
    <ClCompile Include="GeneratedFiles\Release\moc_QSecondBtn8_1080.cpp">
      <Filter>Generated Files\Release</Filter>
    </ClCompile>
    <ClCompile Include="GeneratedFiles\Debug\moc_QSecondBtn9_1080.cpp">
      <Filter>Generated Files\Debug</Filter>
    </ClCompile>
    <ClCompile Include="GeneratedFiles\Release\moc_QSecondBtn9_1080.cpp">
      <Filter>Generated Files\Release</Filter>
    </ClCompile>
    <ClCompile Include="QSecondBaseBtn.cpp">
      <Filter>Source Files</Filter>
    </ClCompile>
    <ClCompile Include="GeneratedFiles\Debug\moc_QSecondBaseBtn.cpp">
      <Filter>Generated Files\Debug</Filter>
    </ClCompile>
    <ClCompile Include="GeneratedFiles\Release\moc_QSecondBaseBtn.cpp">
      <Filter>Generated Files\Release</Filter>
    </ClCompile>
    <ClCompile Include="QSecondBtn1_1080.cpp">
      <Filter>1080_800</Filter>
    </ClCompile>
    <ClCompile Include="QSecondBtn9_1080.cpp">
      <Filter>1080_800</Filter>
    </ClCompile>
    <ClCompile Include="QSecondBtn2_1080.cpp">
      <Filter>1080_800</Filter>
    </ClCompile>
    <ClCompile Include="QSecondBtn3_1080.cpp">
      <Filter>1080_800</Filter>
    </ClCompile>
    <ClCompile Include="QSecondBtn4_1080.cpp">
      <Filter>1080_800</Filter>
    </ClCompile>
    <ClCompile Include="QSecondBtn5_1080.cpp">
      <Filter>1080_800</Filter>
    </ClCompile>
    <ClCompile Include="QSecondBtn6_1080.cpp">
      <Filter>1080_800</Filter>
    </ClCompile>
    <ClCompile Include="qsecondbtn7_1080.cpp">
      <Filter>1080_800</Filter>
    </ClCompile>
    <ClCompile Include="QSecondBtn8_1080.cpp">
      <Filter>1080_800</Filter>
    </ClCompile>
    <ClCompile Include="QGlobalSystemConfig.cpp">
      <Filter>Data</Filter>
    </ClCompile>
    <ClCompile Include="GeneratedFiles\Debug\moc_QGlobalSystemConfig.cpp">
      <Filter>Generated Files\Debug</Filter>
    </ClCompile>
    <ClCompile Include="GeneratedFiles\Release\moc_QGlobalSystemConfig.cpp">
      <Filter>Generated Files\Release</Filter>
    </ClCompile>
    <ClCompile Include="GeneratedFiles\Debug\moc_QLabeMin_1920.cpp">
      <Filter>Generated Files\Debug</Filter>
    </ClCompile>
    <ClCompile Include="GeneratedFiles\Release\moc_QLabeMin_1920.cpp">
      <Filter>Generated Files\Release</Filter>
    </ClCompile>
    <ClCompile Include="GeneratedFiles\Debug\moc_QLabeMax_1920.cpp">
      <Filter>Generated Files\Debug</Filter>
    </ClCompile>
    <ClCompile Include="GeneratedFiles\Release\moc_QLabeMax_1920.cpp">
      <Filter>Generated Files\Release</Filter>
    </ClCompile>
    <ClCompile Include="qsingleapplication.cpp">
      <Filter>Source Files</Filter>
    </ClCompile>
    <ClCompile Include="GeneratedFiles\Debug\moc_qsingleapplication.cpp">
      <Filter>Generated Files\Debug</Filter>
    </ClCompile>
    <ClCompile Include="GeneratedFiles\Release\moc_qsingleapplication.cpp">
      <Filter>Generated Files\Release</Filter>
    </ClCompile>
    <ClCompile Include="GeneratedFiles\qrc_displaytool_1280.cpp">
      <Filter>Generated Files</Filter>
    </ClCompile>
    <ClCompile Include="QLabeMin_1920.cpp">
      <Filter>1080_800</Filter>
    </ClCompile>
    <ClCompile Include="QLabeMax_1920.cpp">
      <Filter>1080_800</Filter>
    </ClCompile>
    <ClCompile Include="displaytool.cpp">
      <Filter>old</Filter>
    </ClCompile>
    <ClCompile Include="QBtnImgLabel.cpp">
      <Filter>old</Filter>
    </ClCompile>
    <ClCompile Include="QCenterTextEdit.cpp">
      <Filter>old</Filter>
    </ClCompile>
    <ClCompile Include="QSecondBtnItem.cpp">
      <Filter>old</Filter>
    </ClCompile>
    <ClCompile Include="qhomebtnitem.cpp">
      <Filter>old</Filter>
    </ClCompile>
    <ClCompile Include="QHomeTextBtn.cpp">
      <Filter>old</Filter>
    </ClCompile>
  </ItemGroup>
  <ItemGroup>
    <CustomBuild Include="displaytool.h">
      <Filter>Header Files</Filter>
    </CustomBuild>
    <CustomBuild Include="displaytool.ui">
      <Filter>Form Files</Filter>
    </CustomBuild>
    <CustomBuild Include="displaytool.qrc">
      <Filter>Resource Files</Filter>
    </CustomBuild>
    <CustomBuild Include="QvideoListTree.ui">
      <Filter>Form Files</Filter>
    </CustomBuild>
    <CustomBuild Include="QPlayer.ui">
      <Filter>Form Files</Filter>
    </CustomBuild>
    <CustomBuild Include="QHeaderWgt.ui">
      <Filter>Form Files</Filter>
    </CustomBuild>
    <CustomBuild Include="qcontrolwidgt.ui">
      <Filter>Form Files</Filter>
    </CustomBuild>
    <CustomBuild Include="qhomebtnitem.h">
      <Filter>Header Files</Filter>
    </CustomBuild>
    <CustomBuild Include="qhomebtnitem.ui">
      <Filter>Form Files</Filter>
    </CustomBuild>
    <CustomBuild Include="QBtnListWdgt.ui">
      <Filter>Form Files</Filter>
    </CustomBuild>
    <CustomBuild Include="QHeaderWgt.h">
      <Filter>player</Filter>
    </CustomBuild>
    <CustomBuild Include="QPlayer.h">
      <Filter>player</Filter>
    </CustomBuild>
    <CustomBuild Include="QVedioSlider.h">
      <Filter>player</Filter>
    </CustomBuild>
    <CustomBuild Include="qcontrolwidgt.h">
      <Filter>player</Filter>
    </CustomBuild>
    <CustomBuild Include="QFixMainWindow.h">
      <Filter>Header Files</Filter>
    </CustomBuild>
    <CustomBuild Include="QFixMainWindow.ui">
      <Filter>Form Files</Filter>
    </CustomBuild>
    <CustomBuild Include="QHomeWgt.h">
      <Filter>Header Files</Filter>
    </CustomBuild>
    <CustomBuild Include="QHomeWgt.ui">
      <Filter>Form Files</Filter>
    </CustomBuild>
    <CustomBuild Include="QBGBaseWgt.h">
      <Filter>Header Files</Filter>
    </CustomBuild>
    <CustomBuild Include="QBtnImgLabel.h">
      <Filter>Header Files</Filter>
    </CustomBuild>
    <CustomBuild Include="QBtnImgLabel.ui">
      <Filter>Form Files</Filter>
    </CustomBuild>
    <CustomBuild Include="QCenterTextEdit.h">
      <Filter>Header Files</Filter>
    </CustomBuild>
    <CustomBuild Include="QFixSecondPage.h">
      <Filter>Header Files</Filter>
    </CustomBuild>
    <CustomBuild Include="QFixSecondPage.ui">
      <Filter>Form Files</Filter>
    </CustomBuild>
    <CustomBuild Include="QSecondBtnItem.h">
      <Filter>Header Files</Filter>
    </CustomBuild>
    <CustomBuild Include="QVideoBaseBtn.h">
      <Filter>Header Files</Filter>
    </CustomBuild>
    <CustomBuild Include="QHome1Btn_1080.h">
      <Filter>1080_800</Filter>
    </CustomBuild>
    <CustomBuild Include="QHome5Btn_1080.h">
      <Filter>1080_800</Filter>
    </CustomBuild>
    <CustomBuild Include="QHome2Btn_1080.h">
      <Filter>1080_800</Filter>
    </CustomBuild>
    <CustomBuild Include="QHome3Btn_1080.h">
      <Filter>1080_800</Filter>
    </CustomBuild>
    <CustomBuild Include="QHome4Btn_1080.h">
      <Filter>1080_800</Filter>
    </CustomBuild>
    <CustomBuild Include="QHome1Btn_1080.ui">
      <Filter>Form Files\1920_1080</Filter>
    </CustomBuild>
    <CustomBuild Include="QHome5Btn_1080.ui">
      <Filter>Form Files\1920_1080</Filter>
    </CustomBuild>
    <CustomBuild Include="QHome2Btn_1080.ui">
      <Filter>Form Files\1920_1080</Filter>
    </CustomBuild>
    <CustomBuild Include="QHome3Btn_1080.ui">
      <Filter>Form Files\1920_1080</Filter>
    </CustomBuild>
    <CustomBuild Include="QHome4Btn_1080.ui">
      <Filter>Form Files\1920_1080</Filter>
    </CustomBuild>
    <CustomBuild Include="QHomeTextBtn.h">
      <Filter>Header Files</Filter>
    </CustomBuild>
    <CustomBuild Include="QHomeTextBtn.ui">
      <Filter>Form Files</Filter>
    </CustomBuild>
    <CustomBuild Include="QSecondBtn1_1080.ui">
      <Filter>Form Files\1920_1080</Filter>
    </CustomBuild>
    <CustomBuild Include="QSecondBtn9_1080.ui">
      <Filter>Form Files\1920_1080</Filter>
    </CustomBuild>
    <CustomBuild Include="QSecondBtn2_1080.ui">
      <Filter>Form Files\1920_1080</Filter>
    </CustomBuild>
    <CustomBuild Include="QSecondBtn3_1080.ui">
      <Filter>Form Files\1920_1080</Filter>
    </CustomBuild>
    <CustomBuild Include="QSecondBtn4_1080.ui">
      <Filter>Form Files\1920_1080</Filter>
    </CustomBuild>
    <CustomBuild Include="QSecondBtn5_1080.ui">
      <Filter>Form Files\1920_1080</Filter>
    </CustomBuild>
    <CustomBuild Include="QSecondBtn6_1080.ui">
      <Filter>Form Files\1920_1080</Filter>
    </CustomBuild>
    <CustomBuild Include="qsecondbtn7_1080.ui">
      <Filter>Form Files\1920_1080</Filter>
    </CustomBuild>
    <CustomBuild Include="QSecondBtn8_1080.ui">
      <Filter>Form Files\1920_1080</Filter>
    </CustomBuild>
    <CustomBuild Include="QSecondBaseBtn.h">
      <Filter>Header Files</Filter>
    </CustomBuild>
    <CustomBuild Include="QGlobalSystemConfig.h">
      <Filter>Data</Filter>
    </CustomBuild>
    <CustomBuild Include="QLabeMin_1920.ui">
      <Filter>Form Files\1920_1080</Filter>
    </CustomBuild>
    <CustomBuild Include="QLabeMax_1920.ui">
      <Filter>Form Files\1920_1080</Filter>
    </CustomBuild>
    <CustomBuild Include="qsingleapplication.h">
      <Filter>Source Files</Filter>
    </CustomBuild>
    <CustomBuild Include="displaytool_1280.qrc">
      <Filter>Resource Files</Filter>
    </CustomBuild>
    <CustomBuild Include="1280_800\QHome1Btn_800.ui">
      <Filter>Form Files\1280_800</Filter>
    </CustomBuild>
    <CustomBuild Include="1280_800\QHome2Btn_800.ui">
      <Filter>Form Files\1280_800</Filter>
    </CustomBuild>
    <CustomBuild Include="1280_800\QHome3Btn_800.ui">
      <Filter>Form Files\1280_800</Filter>
    </CustomBuild>
    <CustomBuild Include="1280_800\QHome4Btn_800.ui">
      <Filter>Form Files\1280_800</Filter>
    </CustomBuild>
    <CustomBuild Include="1280_800\QHome5Btn_800.ui">
      <Filter>Form Files\1280_800</Filter>
    </CustomBuild>
    <CustomBuild Include="1280_800\QLabeMax_800.ui">
      <Filter>Form Files\1280_800</Filter>
    </CustomBuild>
    <CustomBuild Include="1280_800\QLabeMin_800.ui">
      <Filter>Form Files\1280_800</Filter>
    </CustomBuild>
    <CustomBuild Include="1280_800\QSecondBtn1_800.ui">
      <Filter>Form Files\1280_800</Filter>
    </CustomBuild>
    <CustomBuild Include="1280_800\QSecondBtn2_800.ui">
      <Filter>Form Files\1280_800</Filter>
    </CustomBuild>
    <CustomBuild Include="1280_800\QSecondBtn3_800.ui">
      <Filter>Form Files\1280_800</Filter>
    </CustomBuild>
    <CustomBuild Include="1280_800\QSecondBtn4_800.ui">
      <Filter>Form Files\1280_800</Filter>
    </CustomBuild>
    <CustomBuild Include="1280_800\QSecondBtn5_800.ui">
      <Filter>Form Files\1280_800</Filter>
    </CustomBuild>
    <CustomBuild Include="1280_800\QSecondBtn6_800.ui">
      <Filter>Form Files\1280_800</Filter>
    </CustomBuild>
    <CustomBuild Include="1280_800\qsecondbtn7_800.ui">
      <Filter>Form Files\1280_800</Filter>
    </CustomBuild>
    <CustomBuild Include="1280_800\QSecondBtn8_800.ui">
      <Filter>Form Files\1280_800</Filter>
    </CustomBuild>
    <CustomBuild Include="1280_800\QSecondBtn9_800.ui">
      <Filter>Form Files\1280_800</Filter>
    </CustomBuild>
    <CustomBuild Include="QSecondBtn1_1080.h">
      <Filter>1080_800</Filter>
    </CustomBuild>
    <CustomBuild Include="QSecondBtn9_1080.h">
      <Filter>1080_800</Filter>
    </CustomBuild>
    <CustomBuild Include="QSecondBtn2_1080.h">
      <Filter>1080_800</Filter>
    </CustomBuild>
    <CustomBuild Include="QSecondBtn3_1080.h">
      <Filter>1080_800</Filter>
    </CustomBuild>
    <CustomBuild Include="QSecondBtn4_1080.h">
      <Filter>1080_800</Filter>
    </CustomBuild>
    <CustomBuild Include="QSecondBtn5_1080.h">
      <Filter>1080_800</Filter>
    </CustomBuild>
    <CustomBuild Include="QSecondBtn6_1080.h">
      <Filter>1080_800</Filter>
    </CustomBuild>
    <CustomBuild Include="qsecondbtn7_1080.h">
      <Filter>1080_800</Filter>
    </CustomBuild>
    <CustomBuild Include="QSecondBtn8_1080.h">
      <Filter>1080_800</Filter>
    </CustomBuild>
    <CustomBuild Include="QLabeMin_1920.h">
      <Filter>1080_800</Filter>
    </CustomBuild>
    <CustomBuild Include="QLabeMax_1920.h">
      <Filter>1080_800</Filter>
    </CustomBuild>
  </ItemGroup>
  <ItemGroup>
    <ClInclude Include="GeneratedFiles\ui_displaytool.h">
      <Filter>Generated Files</Filter>
    </ClInclude>
    <ClInclude Include="GeneratedFiles\ui_QvideoListTree.h">
      <Filter>Generated Files</Filter>
    </ClInclude>
    <ClInclude Include="GeneratedFiles\ui_QPlayer.h">
      <Filter>Generated Files</Filter>
    </ClInclude>
    <ClInclude Include="GeneratedFiles\ui_QHeaderWgt.h">
      <Filter>Generated Files</Filter>
    </ClInclude>
    <ClInclude Include="GeneratedFiles\ui_qcontrolwidgt.h">
      <Filter>Generated Files</Filter>
    </ClInclude>
    <ClInclude Include="GeneratedFiles\ui_qhomebtnitem.h">
      <Filter>Generated Files</Filter>
    </ClInclude>
    <ClInclude Include="GeneratedFiles\ui_QBtnListWdgt.h">
      <Filter>Generated Files</Filter>
    </ClInclude>
    <ClInclude Include="PlayData.h">
      <Filter>Data</Filter>
    </ClInclude>
    <ClInclude Include="GeneratedFiles\ui_QFixMainWindow.h">
      <Filter>Generated Files</Filter>
    </ClInclude>
    <ClInclude Include="GeneratedFiles\ui_QHomeWgt.h">
      <Filter>Generated Files</Filter>
    </ClInclude>
    <ClInclude Include="GeneratedFiles\ui_QBtnImgLabel.h">
      <Filter>Generated Files</Filter>
    </ClInclude>
    <ClInclude Include="GeneratedFiles\ui_QFixSecondPage.h">
      <Filter>Generated Files</Filter>
    </ClInclude>
    <ClInclude Include="UserDef.h">
      <Filter>Header Files</Filter>
    </ClInclude>
    <ClInclude Include="GeneratedFiles\ui_QHome1Btn_1080.h">
      <Filter>Generated Files</Filter>
    </ClInclude>
    <ClInclude Include="GeneratedFiles\ui_QHome2Btn_1080.h">
      <Filter>Generated Files</Filter>
    </ClInclude>
    <ClInclude Include="GeneratedFiles\ui_QHome3Btn_1080.h">
      <Filter>Generated Files</Filter>
    </ClInclude>
    <ClInclude Include="GeneratedFiles\ui_QHome4Btn_1080.h">
      <Filter>Generated Files</Filter>
    </ClInclude>
    <ClInclude Include="GeneratedFiles\ui_QHome5Btn_1080.h">
      <Filter>Generated Files</Filter>
    </ClInclude>
    <ClInclude Include="GeneratedFiles\ui_QHomeTextBtn.h">
      <Filter>Generated Files</Filter>
    </ClInclude>
    <ClInclude Include="GeneratedFiles\ui_QSecondBtn1_1080.h">
      <Filter>Generated Files</Filter>
    </ClInclude>
    <ClInclude Include="GeneratedFiles\ui_QSecondBtn2_1080.h">
      <Filter>Generated Files</Filter>
    </ClInclude>
    <ClInclude Include="GeneratedFiles\ui_QSecondBtn3_1080.h">
      <Filter>Generated Files</Filter>
    </ClInclude>
    <ClInclude Include="GeneratedFiles\ui_QSecondBtn4_1080.h">
      <Filter>Generated Files</Filter>
    </ClInclude>
    <ClInclude Include="GeneratedFiles\ui_QSecondBtn5_1080.h">
      <Filter>Generated Files</Filter>
    </ClInclude>
    <ClInclude Include="GeneratedFiles\ui_QSecondBtn6_1080.h">
      <Filter>Generated Files</Filter>
    </ClInclude>
    <ClInclude Include="GeneratedFiles\ui_qsecondbtn7_1080.h">
      <Filter>Generated Files</Filter>
    </ClInclude>
    <ClInclude Include="GeneratedFiles\ui_QSecondBtn8_1080.h">
      <Filter>Generated Files</Filter>
    </ClInclude>
    <ClInclude Include="GeneratedFiles\ui_QSecondBtn9_1080.h">
      <Filter>Generated Files</Filter>
    </ClInclude>
    <ClInclude Include="GeneratedFiles\ui_QLabeMin_1920.h">
      <Filter>Generated Files</Filter>
    </ClInclude>
    <ClInclude Include="GeneratedFiles\ui_QLabeMax_1920.h">
      <Filter>Generated Files</Filter>
    </ClInclude>
    <ClInclude Include="resource.h">
      <Filter>Header Files</Filter>
    </ClInclude>
    <ClInclude Include="GeneratedFiles\ui_QHome1Btn_800.h">
      <Filter>Generated Files</Filter>
    </ClInclude>
    <ClInclude Include="GeneratedFiles\ui_QHome2Btn_800.h">
      <Filter>Generated Files</Filter>
    </ClInclude>
    <ClInclude Include="GeneratedFiles\ui_QHome3Btn_800.h">
      <Filter>Generated Files</Filter>
    </ClInclude>
    <ClInclude Include="GeneratedFiles\ui_QHome4Btn_800.h">
      <Filter>Generated Files</Filter>
    </ClInclude>
    <ClInclude Include="GeneratedFiles\ui_QHome5Btn_800.h">
      <Filter>Generated Files</Filter>
    </ClInclude>
    <ClInclude Include="GeneratedFiles\ui_QLabeMax_800.h">
      <Filter>Generated Files</Filter>
    </ClInclude>
    <ClInclude Include="GeneratedFiles\ui_QLabeMin_800.h">
      <Filter>Generated Files</Filter>
    </ClInclude>
    <ClInclude Include="GeneratedFiles\ui_QSecondBtn1_800.h">
      <Filter>Generated Files</Filter>
    </ClInclude>
    <ClInclude Include="GeneratedFiles\ui_QSecondBtn2_800.h">
      <Filter>Generated Files</Filter>
    </ClInclude>
    <ClInclude Include="GeneratedFiles\ui_QSecondBtn3_800.h">
      <Filter>Generated Files</Filter>
    </ClInclude>
    <ClInclude Include="GeneratedFiles\ui_QSecondBtn4_800.h">
      <Filter>Generated Files</Filter>
    </ClInclude>
    <ClInclude Include="GeneratedFiles\ui_QSecondBtn5_800.h">
      <Filter>Generated Files</Filter>
    </ClInclude>
    <ClInclude Include="GeneratedFiles\ui_QSecondBtn6_800.h">
      <Filter>Generated Files</Filter>
    </ClInclude>
    <ClInclude Include="GeneratedFiles\ui_qsecondbtn7_800.h">
      <Filter>Generated Files</Filter>
    </ClInclude>
    <ClInclude Include="GeneratedFiles\ui_QSecondBtn8_800.h">
      <Filter>Generated Files</Filter>
    </ClInclude>
    <ClInclude Include="GeneratedFiles\ui_QSecondBtn9_800.h">
      <Filter>Generated Files</Filter>
    </ClInclude>
  </ItemGroup>
  <ItemGroup>
    <ResourceCompile Include="DisplayTool.rc" />
  </ItemGroup>
  <ItemGroup>
    <None Include="Resources\home\home4.png" />
    <None Include="Resources\bitbug_favicon.ico" />
    <None Include="Resources\DisPlayTool.ico" />
  </ItemGroup>
</Project>